
Microsoft Visual Studio Solution File, Format Version 12.00
# Visual Studio Version 17
VisualStudioVersion = 17.7.34031.279
MinimumVisualStudioVersion = 10.0.40219.1
Project("{9A19103F-16F7-4668-BE54-9A1E7A4F7556}") = "HomeMgmtAPI", "HomeMgmtAPI.csproj", "{D3A851C6-0330-40E3-B56B-7389F7C6D9DB}"
EndProject
Project("{FAE04EC0-301F-11D3-BF4B-00C04F79EFBC}") = "HomeMgmtAPI.DataLayer", "..\Homes.API.DataLayer\HomeMgmtAPI.DataLayer.csproj", "{05150F4C-128B-4255-8D8C-81D9249071FD}"
EndProject
Project("{FAE04EC0-301F-11D3-BF4B-00C04F79EFBC}") = "HomeMgmtAPI.BusinessLayer", "..\HomeMgmtAPI.BusinessLayer\HomeMgmtAPI.BusinessLayer.csproj", "{DBBB9900-E33F-458D-8B9E-57D392794BF5}"
EndProject
Global
	GlobalSection(SolutionConfigurationPlatforms) = preSolution
		Debug|Any CPU = Debug|Any CPU
		Release|Any CPU = Release|Any CPU
	EndGlobalSection
	GlobalSection(ProjectConfigurationPlatforms) = postSolution
		{D3A851C6-0330-40E3-B56B-7389F7C6D9DB}.Debug|Any CPU.ActiveCfg = Debug|Any CPU
		{D3A851C6-0330-40E3-B56B-7389F7C6D9DB}.Debug|Any CPU.Build.0 = Debug|Any CPU
		{D3A851C6-0330-40E3-B56B-7389F7C6D9DB}.Release|Any CPU.ActiveCfg = Release|Any CPU
		{D3A851C6-0330-40E3-B56B-7389F7C6D9DB}.Release|Any CPU.Build.0 = Release|Any CPU
		{05150F4C-128B-4255-8D8C-81D9249071FD}.Debug|Any CPU.ActiveCfg = Debug|Any CPU
		{05150F4C-128B-4255-8D8C-81D9249071FD}.Debug|Any CPU.Build.0 = Debug|Any CPU
		{05150F4C-128B-4255-8D8C-81D9249071FD}.Release|Any CPU.ActiveCfg = Release|Any CPU
		{05150F4C-128B-4255-8D8C-81D9249071FD}.Release|Any CPU.Build.0 = Release|Any CPU
		{DBBB9900-E33F-458D-8B9E-57D392794BF5}.Debug|Any CPU.ActiveCfg = Debug|Any CPU
		{DBBB9900-E33F-458D-8B9E-57D392794BF5}.Debug|Any CPU.Build.0 = Debug|Any CPU
		{DBBB9900-E33F-458D-8B9E-57D392794BF5}.Release|Any CPU.ActiveCfg = Release|Any CPU
		{DBBB9900-E33F-458D-8B9E-57D392794BF5}.Release|Any CPU.Build.0 = Release|Any CPU
	EndGlobalSection
	GlobalSection(SolutionProperties) = preSolution
		HideSolutionNode = FALSE
	EndGlobalSection
	GlobalSection(ExtensibilityGlobals) = postSolution
		SolutionGuid = {85B6A36E-DEA8-4982-8A93-3F6E915BB2ED}
	EndGlobalSection
EndGlobal
